Microsoft Visual Studio Solution File, Format Version 12.00
# Visual Studio Version 17
VisualStudioVersion = 17.5.2.0
MinimumVisualStudioVersion = 10.0.40219.1
Project("{FAE04EC0-301F-11D3-BF4B-00C04F79EFBC}") = "solid-net-sample", "solid-net-sample\solid-net-sample.csproj", "{D9D297A8-04D7-26D0-C2CB-CEEF5B069490}"
EndProject
Global
	GlobalSection(SolutionConfigurationPlatforms) = preSolution
		Debug|Any CPU = Debug|Any CPU
		Release|Any CPU = Release|Any CPU
	EndGlobalSection
	GlobalSection(ProjectConfigurationPlatforms) = postSolution
		{D9D297A8-04D7-26D0-C2CB-CEEF5B069490}.Debug|Any CPU.ActiveCfg = Debug|Any CPU
		{D9D297A8-04D7-26D0-C2CB-CEEF5B069490}.Debug|Any CPU.Build.0 = Debug|Any CPU
		{D9D297A8-04D7-26D0-C2CB-CEEF5B069490}.Release|Any CPU.ActiveCfg = Release|Any CPU
		{D9D297A8-04D7-26D0-C2CB-CEEF5B069490}.Release|Any CPU.Build.0 = Release|Any CPU
	EndGlobalSection
	GlobalSection(SolutionProperties) = preSolution
		HideSolutionNode = FALSE
	EndGlobalSection
	GlobalSection(ExtensibilityGlobals) = postSolution
		SolutionGuid = {D04CEA5C-8C64-45D0-9F5D-CCD4B628DA79}
	EndGlobalSection
EndGlobal
